
Microsoft Visual Studio Solution File, Format Version 12.00
# Visual Studio Version 17
VisualStudioVersion = 17.0.31903.59
MinimumVisualStudioVersion = 10.0.40219.1
Project("{2150E333-8FDC-42A3-9474-1A3956D46DE8}") = "src", "src", "{827E0CD3-B72D-47B6-A68D-7590B98EB39B}"
EndProject
Project("{FAE04EC0-301F-11D3-BF4B-00C04F79EFBC}") = "WhatsAppClient.Core", "src\WhatsAppClient.Core\WhatsAppClient.Core.csproj", "{9F8ABFA2-317B-4AE9-9DCC-3F65C46FCB9A}"
EndProject
Project("{FAE04EC0-301F-11D3-BF4B-00C04F79EFBC}") = "WhatsAppClient.Lambda", "src\WhatsAppClient.Lambda\WhatsAppClient.Lambda.csproj", "{5EC6555A-D8FC-4E20-8755-4247EBF13E0F}"
EndProject
Project("{FAE04EC0-301F-11D3-BF4B-00C04F79EFBC}") = "WhatsAppClient.Core.Tests", "tests\WhatsAppClient.Core.Tests\WhatsAppClient.Core.Tests.csproj", "{8EB8BA30-4B5E-4BB7-8B9B-C6ECF190366A}"
EndProject
Project("{FAE04EC0-301F-11D3-BF4B-00C04F79EFBC}") = "WhatsAppClient.Lambda.Tests", "tests\WhatsAppClient.Lambda.Tests\WhatsAppClient.Lambda.Tests.csproj", "{33ECC745-C900-49A7-9C21-B50C5D1B4590}"
EndProject
Project("{FAE04EC0-301F-11D3-BF4B-00C04F79EFBC}") = "WhatsAppClient.ReceiveLambda", "src\WhatsAppClient.ReceiveLambda\WhatsAppClient.ReceiveLambda.csproj", "{3B27AEA1-7A2D-46AA-9BAE-7E3DAF11ACED}"
EndProject
Project("{2150E333-8FDC-42A3-9474-1A3956D46DE8}") = "tests", "tests", "{0AB3BF05-4346-4AA6-1389-037BE0695223}"
EndProject
Project("{FAE04EC0-301F-11D3-BF4B-00C04F79EFBC}") = "WhatsAppClient.ReceiveLambda.Tests", "tests\WhatsAppClient.ReceiveLambda.Tests\WhatsAppClient.ReceiveLambda.Tests.csproj", "{CE69A4DC-21CC-4704-AD22-B774224EE280}"
EndProject
Project("{FAE04EC0-301F-11D3-BF4B-00C04F79EFBC}") = "WhatsAppClient.AutoReplyLambda", "src\WhatsAppClient.AutoReplyLambda\WhatsAppClient.AutoReplyLambda.csproj", "{5C895B48-9F56-4E35-987C-478625883682}"
EndProject
Project("{FAE04EC0-301F-11D3-BF4B-00C04F79EFBC}") = "WhatsAppClient.AutoReplyLambda.Tests", "tests\WhatsAppClient.AutoReplyLambda.Tests\WhatsAppClient.AutoReplyLambda.Tests.csproj", "{D69B0080-12C6-4B30-8468-5A4ABE3B3222}"
EndProject
Project("{FAE04EC0-301F-11D3-BF4B-00C04F79EFBC}") = "WhatsAppClient.App", "src\WhatsAppClient.App\WhatsAppClient.App.csproj", "{3D4CEC73-A506-4321-AD5F-C82A98D090FA}"
EndProject
Project("{FAE04EC0-301F-11D3-BF4B-00C04F79EFBC}") = "WhatsAppClient.Api", "src\WhatsAppClient.Api\WhatsAppClient.Api.csproj", "{840DA7F7-4AAC-4082-BA04-7D018FEB093D}"
EndProject
Project("{FAE04EC0-301F-11D3-BF4B-00C04F79EFBC}") = "WhatsAppClient.AppIngestLambda", "src\WhatsAppClient.AppIngestLambda\WhatsAppClient.AppIngestLambda.csproj", "{1770C14D-1B02-4342-A0F6-D4B8D0F46AB4}"
EndProject
Project("{FAE04EC0-301F-11D3-BF4B-00C04F79EFBC}") = "WhatsAppClient.App.Tests", "tests\WhatsAppClient.App.Tests\WhatsAppClient.App.Tests.csproj", "{18305234-BBEB-48E1-814B-C4B696EE8D9A}"
EndProject
Global
	GlobalSection(SolutionConfigurationPlatforms) = preSolution
		Debug|Any CPU = Debug|Any CPU
		Debug|x64 = Debug|x64
		Debug|x86 = Debug|x86
		Release|Any CPU = Release|Any CPU
		Release|x64 = Release|x64
		Release|x86 = Release|x86
	EndGlobalSection
	GlobalSection(ProjectConfigurationPlatforms) = postSolution
		{9F8ABFA2-317B-4AE9-9DCC-3F65C46FCB9A}.Debug|Any CPU.ActiveCfg = Debug|Any CPU
		{9F8ABFA2-317B-4AE9-9DCC-3F65C46FCB9A}.Debug|Any CPU.Build.0 = Debug|Any CPU
		{9F8ABFA2-317B-4AE9-9DCC-3F65C46FCB9A}.Debug|x64.ActiveCfg = Debug|Any CPU
		{9F8ABFA2-317B-4AE9-9DCC-3F65C46FCB9A}.Debug|x64.Build.0 = Debug|Any CPU
		{9F8ABFA2-317B-4AE9-9DCC-3F65C46FCB9A}.Debug|x86.ActiveCfg = Debug|Any CPU
		{9F8ABFA2-317B-4AE9-9DCC-3F65C46FCB9A}.Debug|x86.Build.0 = Debug|Any CPU
		{9F8ABFA2-317B-4AE9-9DCC-3F65C46FCB9A}.Release|Any CPU.ActiveCfg = Release|Any CPU
		{9F8ABFA2-317B-4AE9-9DCC-3F65C46FCB9A}.Release|Any CPU.Build.0 = Release|Any CPU
		{9F8ABFA2-317B-4AE9-9DCC-3F65C46FCB9A}.Release|x64.ActiveCfg = Release|Any CPU
		{9F8ABFA2-317B-4AE9-9DCC-3F65C46FCB9A}.Release|x64.Build.0 = Release|Any CPU
		{9F8ABFA2-317B-4AE9-9DCC-3F65C46FCB9A}.Release|x86.ActiveCfg = Release|Any CPU
		{9F8ABFA2-317B-4AE9-9DCC-3F65C46FCB9A}.Release|x86.Build.0 = Release|Any CPU
		{5EC6555A-D8FC-4E20-8755-4247EBF13E0F}.Debug|Any CPU.ActiveCfg = Debug|Any CPU
		{5EC6555A-D8FC-4E20-8755-4247EBF13E0F}.Debug|Any CPU.Build.0 = Debug|Any CPU
		{5EC6555A-D8FC-4E20-8755-4247EBF13E0F}.Debug|x64.ActiveCfg = Debug|Any CPU
		{5EC6555A-D8FC-4E20-8755-4247EBF13E0F}.Debug|x64.Build.0 = Debug|Any CPU
		{5EC6555A-D8FC-4E20-8755-4247EBF13E0F}.Debug|x86.ActiveCfg = Debug|Any CPU
		{5EC6555A-D8FC-4E20-8755-4247EBF13E0F}.Debug|x86.Build.0 = Debug|Any CPU
		{5EC6555A-D8FC-4E20-8755-4247EBF13E0F}.Release|Any CPU.ActiveCfg = Release|Any CPU
		{5EC6555A-D8FC-4E20-8755-4247EBF13E0F}.Release|Any CPU.Build.0 = Release|Any CPU
		{5EC6555A-D8FC-4E20-8755-4247EBF13E0F}.Release|x64.ActiveCfg = Release|Any CPU
		{5EC6555A-D8FC-4E20-8755-4247EBF13E0F}.Release|x64.Build.0 = Release|Any CPU
		{5EC6555A-D8FC-4E20-8755-4247EBF13E0F}.Release|x86.ActiveCfg = Release|Any CPU
		{5EC6555A-D8FC-4E20-8755-4247EBF13E0F}.Release|x86.Build.0 = Release|Any CPU
		{8EB8BA30-4B5E-4BB7-8B9B-C6ECF190366A}.Debug|Any CPU.ActiveCfg = Debug|Any CPU
		{8EB8BA30-4B5E-4BB7-8B9B-C6ECF190366A}.Debug|Any CPU.Build.0 = Debug|Any CPU
		{8EB8BA30-4B5E-4BB7-8B9B-C6ECF190366A}.Debug|x64.ActiveCfg = Debug|Any CPU
		{8EB8BA30-4B5E-4BB7-8B9B-C6ECF190366A}.Debug|x64.Build.0 = Debug|Any CPU
		{8EB8BA30-4B5E-4BB7-8B9B-C6ECF190366A}.Debug|x86.ActiveCfg = Debug|Any CPU
		{8EB8BA30-4B5E-4BB7-8B9B-C6ECF190366A}.Debug|x86.Build.0 = Debug|Any CPU
		{8EB8BA30-4B5E-4BB7-8B9B-C6ECF190366A}.Release|Any CPU.ActiveCfg = Release|Any CPU
		{8EB8BA30-4B5E-4BB7-8B9B-C6ECF190366A}.Release|Any CPU.Build.0 = Release|Any CPU
		{8EB8BA30-4B5E-4BB7-8B9B-C6ECF190366A}.Release|x64.ActiveCfg = Release|Any CPU
		{8EB8BA30-4B5E-4BB7-8B9B-C6ECF190366A}.Release|x64.Build.0 = Release|Any CPU
		{8EB8BA30-4B5E-4BB7-8B9B-C6ECF190366A}.Release|x86.ActiveCfg = Release|Any CPU
		{8EB8BA30-4B5E-4BB7-8B9B-C6ECF190366A}.Release|x86.Build.0 = Release|Any CPU
		{33ECC745-C900-49A7-9C21-B50C5D1B4590}.Debug|Any CPU.ActiveCfg = Debug|Any CPU
		{33ECC745-C900-49A7-9C21-B50C5D1B4590}.Debug|Any CPU.Build.0 = Debug|Any CPU
		{33ECC745-C900-49A7-9C21-B50C5D1B4590}.Debug|x64.ActiveCfg = Debug|Any CPU
		{33ECC745-C900-49A7-9C21-B50C5D1B4590}.Debug|x64.Build.0 = Debug|Any CPU
		{33ECC745-C900-49A7-9C21-B50C5D1B4590}.Debug|x86.ActiveCfg = Debug|Any CPU
		{33ECC745-C900-49A7-9C21-B50C5D1B4590}.Debug|x86.Build.0 = Debug|Any CPU
		{33ECC745-C900-49A7-9C21-B50C5D1B4590}.Release|Any CPU.ActiveCfg = Release|Any CPU
		{33ECC745-C900-49A7-9C21-B50C5D1B4590}.Release|Any CPU.Build.0 = Release|Any CPU
		{33ECC745-C900-49A7-9C21-B50C5D1B4590}.Release|x64.ActiveCfg = Release|Any CPU
		{33ECC745-C900-49A7-9C21-B50C5D1B4590}.Release|x64.Build.0 = Release|Any CPU
		{33ECC745-C900-49A7-9C21-B50C5D1B4590}.Release|x86.ActiveCfg = Release|Any CPU
		{33ECC745-C900-49A7-9C21-B50C5D1B4590}.Release|x86.Build.0 = Release|Any CPU
		{3B27AEA1-7A2D-46AA-9BAE-7E3DAF11ACED}.Debug|Any CPU.ActiveCfg = Debug|Any CPU
		{3B27AEA1-7A2D-46AA-9BAE-7E3DAF11ACED}.Debug|Any CPU.Build.0 = Debug|Any CPU
		{3B27AEA1-7A2D-46AA-9BAE-7E3DAF11ACED}.Debug|x64.ActiveCfg = Debug|Any CPU
		{3B27AEA1-7A2D-46AA-9BAE-7E3DAF11ACED}.Debug|x64.Build.0 = Debug|Any CPU
		{3B27AEA1-7A2D-46AA-9BAE-7E3DAF11ACED}.Debug|x86.ActiveCfg = Debug|Any CPU
		{3B27AEA1-7A2D-46AA-9BAE-7E3DAF11ACED}.Debug|x86.Build.0 = Debug|Any CPU
		{3B27AEA1-7A2D-46AA-9BAE-7E3DAF11ACED}.Release|Any CPU.ActiveCfg = Release|Any CPU
		{3B27AEA1-7A2D-46AA-9BAE-7E3DAF11ACED}.Release|Any CPU.Build.0 = Release|Any CPU
		{3B27AEA1-7A2D-46AA-9BAE-7E3DAF11ACED}.Release|x64.ActiveCfg = Release|Any CPU
		{3B27AEA1-7A2D-46AA-9BAE-7E3DAF11ACED}.Release|x64.Build.0 = Release|Any CPU
		{3B27AEA1-7A2D-46AA-9BAE-7E3DAF11ACED}.Release|x86.ActiveCfg = Release|Any CPU
		{3B27AEA1-7A2D-46AA-9BAE-7E3DAF11ACED}.Release|x86.Build.0 = Release|Any CPU
		{CE69A4DC-21CC-4704-AD22-B774224EE280}.Debug|Any CPU.ActiveCfg = Debug|Any CPU
		{CE69A4DC-21CC-4704-AD22-B774224EE280}.Debug|Any CPU.Build.0 = Debug|Any CPU
		{CE69A4DC-21CC-4704-AD22-B774224EE280}.Debug|x64.ActiveCfg = Debug|Any CPU
		{CE69A4DC-21CC-4704-AD22-B774224EE280}.Debug|x64.Build.0 = Debug|Any CPU
		{CE69A4DC-21CC-4704-AD22-B774224EE280}.Debug|x86.ActiveCfg = Debug|Any CPU
		{CE69A4DC-21CC-4704-AD22-B774224EE280}.Debug|x86.Build.0 = Debug|Any CPU
		{CE69A4DC-21CC-4704-AD22-B774224EE280}.Release|Any CPU.ActiveCfg = Release|Any CPU
		{CE69A4DC-21CC-4704-AD22-B774224EE280}.Release|Any CPU.Build.0 = Release|Any CPU
		{CE69A4DC-21CC-4704-AD22-B774224EE280}.Release|x64.ActiveCfg = Release|Any CPU
		{CE69A4DC-21CC-4704-AD22-B774224EE280}.Release|x64.Build.0 = Release|Any CPU
		{CE69A4DC-21CC-4704-AD22-B774224EE280}.Release|x86.ActiveCfg = Release|Any CPU
		{CE69A4DC-21CC-4704-AD22-B774224EE280}.Release|x86.Build.0 = Release|Any CPU
		{5C895B48-9F56-4E35-987C-478625883682}.Debug|Any CPU.ActiveCfg = Debug|Any CPU
		{5C895B48-9F56-4E35-987C-478625883682}.Debug|Any CPU.Build.0 = Debug|Any CPU
		{5C895B48-9F56-4E35-987C-478625883682}.Debug|x64.ActiveCfg = Debug|Any CPU
		{5C895B48-9F56-4E35-987C-478625883682}.Debug|x64.Build.0 = Debug|Any CPU
		{5C895B48-9F56-4E35-987C-478625883682}.Debug|x86.ActiveCfg = Debug|Any CPU
		{5C895B48-9F56-4E35-987C-478625883682}.Debug|x86.Build.0 = Debug|Any CPU
		{5C895B48-9F56-4E35-987C-478625883682}.Release|Any CPU.ActiveCfg = Release|Any CPU
		{5C895B48-9F56-4E35-987C-478625883682}.Release|Any CPU.Build.0 = Release|Any CPU
		{5C895B48-9F56-4E35-987C-478625883682}.Release|x64.ActiveCfg = Release|Any CPU
		{5C895B48-9F56-4E35-987C-478625883682}.Release|x64.Build.0 = Release|Any CPU
		{5C895B48-9F56-4E35-987C-478625883682}.Release|x86.ActiveCfg = Release|Any CPU
		{5C895B48-9F56-4E35-987C-478625883682}.Release|x86.Build.0 = Release|Any CPU
		{D69B0080-12C6-4B30-8468-5A4ABE3B3222}.Debug|Any CPU.ActiveCfg = Debug|Any CPU
		{D69B0080-12C6-4B30-8468-5A4ABE3B3222}.Debug|Any CPU.Build.0 = Debug|Any CPU
		{D69B0080-12C6-4B30-8468-5A4ABE3B3222}.Debug|x64.ActiveCfg = Debug|Any CPU
		{D69B0080-12C6-4B30-8468-5A4ABE3B3222}.Debug|x64.Build.0 = Debug|Any CPU
		{D69B0080-12C6-4B30-8468-5A4ABE3B3222}.Debug|x86.ActiveCfg = Debug|Any CPU
		{D69B0080-12C6-4B30-8468-5A4ABE3B3222}.Debug|x86.Build.0 = Debug|Any CPU
		{D69B0080-12C6-4B30-8468-5A4ABE3B3222}.Release|Any CPU.ActiveCfg = Release|Any CPU
		{D69B0080-12C6-4B30-8468-5A4ABE3B3222}.Release|Any CPU.Build.0 = Release|Any CPU
		{D69B0080-12C6-4B30-8468-5A4ABE3B3222}.Release|x64.ActiveCfg = Release|Any CPU
		{D69B0080-12C6-4B30-8468-5A4ABE3B3222}.Release|x64.Build.0 = Release|Any CPU
		{D69B0080-12C6-4B30-8468-5A4ABE3B3222}.Release|x86.ActiveCfg = Release|Any CPU
		{D69B0080-12C6-4B30-8468-5A4ABE3B3222}.Release|x86.Build.0 = Release|Any CPU
		{3D4CEC73-A506-4321-AD5F-C82A98D090FA}.Debug|Any CPU.ActiveCfg = Debug|Any CPU
		{3D4CEC73-A506-4321-AD5F-C82A98D090FA}.Debug|Any CPU.Build.0 = Debug|Any CPU
		{3D4CEC73-A506-4321-AD5F-C82A98D090FA}.Debug|x64.ActiveCfg = Debug|Any CPU
		{3D4CEC73-A506-4321-AD5F-C82A98D090FA}.Debug|x64.Build.0 = Debug|Any CPU
		{3D4CEC73-A506-4321-AD5F-C82A98D090FA}.Debug|x86.ActiveCfg = Debug|Any CPU
		{3D4CEC73-A506-4321-AD5F-C82A98D090FA}.Debug|x86.Build.0 = Debug|Any CPU
		{3D4CEC73-A506-4321-AD5F-C82A98D090FA}.Release|Any CPU.ActiveCfg = Release|Any CPU
		{3D4CEC73-A506-4321-AD5F-C82A98D090FA}.Release|Any CPU.Build.0 = Release|Any CPU
		{3D4CEC73-A506-4321-AD5F-C82A98D090FA}.Release|x64.ActiveCfg = Release|Any CPU
		{3D4CEC73-A506-4321-AD5F-C82A98D090FA}.Release|x64.Build.0 = Release|Any CPU
		{3D4CEC73-A506-4321-AD5F-C82A98D090FA}.Release|x86.ActiveCfg = Release|Any CPU
		{3D4CEC73-A506-4321-AD5F-C82A98D090FA}.Release|x86.Build.0 = Release|Any CPU
		{840DA7F7-4AAC-4082-BA04-7D018FEB093D}.Debug|Any CPU.ActiveCfg = Debug|Any CPU
		{840DA7F7-4AAC-4082-BA04-7D018FEB093D}.Debug|Any CPU.Build.0 = Debug|Any CPU
		{840DA7F7-4AAC-4082-BA04-7D018FEB093D}.Debug|x64.ActiveCfg = Debug|Any CPU
		{840DA7F7-4AAC-4082-BA04-7D018FEB093D}.Debug|x64.Build.0 = Debug|Any CPU
		{840DA7F7-4AAC-4082-BA04-7D018FEB093D}.Debug|x86.ActiveCfg = Debug|Any CPU
		{840DA7F7-4AAC-4082-BA04-7D018FEB093D}.Debug|x86.Build.0 = Debug|Any CPU
		{840DA7F7-4AAC-4082-BA04-7D018FEB093D}.Release|Any CPU.ActiveCfg = Release|Any CPU
		{840DA7F7-4AAC-4082-BA04-7D018FEB093D}.Release|Any CPU.Build.0 = Release|Any CPU
		{840DA7F7-4AAC-4082-BA04-7D018FEB093D}.Release|x64.ActiveCfg = Release|Any CPU
		{840DA7F7-4AAC-4082-BA04-7D018FEB093D}.Release|x64.Build.0 = Release|Any CPU
		{840DA7F7-4AAC-4082-BA04-7D018FEB093D}.Release|x86.ActiveCfg = Release|Any CPU
		{840DA7F7-4AAC-4082-BA04-7D018FEB093D}.Release|x86.Build.0 = Release|Any CPU
		{1770C14D-1B02-4342-A0F6-D4B8D0F46AB4}.Debug|Any CPU.ActiveCfg = Debug|Any CPU
		{1770C14D-1B02-4342-A0F6-D4B8D0F46AB4}.Debug|Any CPU.Build.0 = Debug|Any CPU
		{1770C14D-1B02-4342-A0F6-D4B8D0F46AB4}.Debug|x64.ActiveCfg = Debug|Any CPU
		{1770C14D-1B02-4342-A0F6-D4B8D0F46AB4}.Debug|x64.Build.0 = Debug|Any CPU
		{1770C14D-1B02-4342-A0F6-D4B8D0F46AB4}.Debug|x86.ActiveCfg = Debug|Any CPU
		{1770C14D-1B02-4342-A0F6-D4B8D0F46AB4}.Debug|x86.Build.0 = Debug|Any CPU
		{1770C14D-1B02-4342-A0F6-D4B8D0F46AB4}.Release|Any CPU.ActiveCfg = Release|Any CPU
		{1770C14D-1B02-4342-A0F6-D4B8D0F46AB4}.Release|Any CPU.Build.0 = Release|Any CPU
		{1770C14D-1B02-4342-A0F6-D4B8D0F46AB4}.Release|x64.ActiveCfg = Release|Any CPU
		{1770C14D-1B02-4342-A0F6-D4B8D0F46AB4}.Release|x64.Build.0 = Release|Any CPU
		{1770C14D-1B02-4342-A0F6-D4B8D0F46AB4}.Release|x86.ActiveCfg = Release|Any CPU
		{1770C14D-1B02-4342-A0F6-D4B8D0F46AB4}.Release|x86.Build.0 = Release|Any CPU
		{18305234-BBEB-48E1-814B-C4B696EE8D9A}.Debug|Any CPU.ActiveCfg = Debug|Any CPU
		{18305234-BBEB-48E1-814B-C4B696EE8D9A}.Debug|Any CPU.Build.0 = Debug|Any CPU
		{18305234-BBEB-48E1-814B-C4B696EE8D9A}.Debug|x64.ActiveCfg = Debug|Any CPU
		{18305234-BBEB-48E1-814B-C4B696EE8D9A}.Debug|x64.Build.0 = Debug|Any CPU
		{18305234-BBEB-48E1-814B-C4B696EE8D9A}.Debug|x86.ActiveCfg = Debug|Any CPU
		{18305234-BBEB-48E1-814B-C4B696EE8D9A}.Debug|x86.Build.0 = Debug|Any CPU
		{18305234-BBEB-48E1-814B-C4B696EE8D9A}.Release|Any CPU.ActiveCfg = Release|Any CPU
		{18305234-BBEB-48E1-814B-C4B696EE8D9A}.Release|Any CPU.Build.0 = Release|Any CPU
		{18305234-BBEB-48E1-814B-C4B696EE8D9A}.Release|x64.ActiveCfg = Release|Any CPU
		{18305234-BBEB-48E1-814B-C4B696EE8D9A}.Release|x64.Build.0 = Release|Any CPU
		{18305234-BBEB-48E1-814B-C4B696EE8D9A}.Release|x86.ActiveCfg = Release|Any CPU
		{18305234-BBEB-48E1-814B-C4B696EE8D9A}.Release|x86.Build.0 = Release|Any CPU
	EndGlobalSection
	GlobalSection(SolutionProperties) = preSolution
		HideSolutionNode = FALSE
	EndGlobalSection
	GlobalSection(NestedProjects) = preSolution
		{9F8ABFA2-317B-4AE9-9DCC-3F65C46FCB9A} = {827E0CD3-B72D-47B6-A68D-7590B98EB39B}
		{5EC6555A-D8FC-4E20-8755-4247EBF13E0F} = {827E0CD3-B72D-47B6-A68D-7590B98EB39B}
		{8EB8BA30-4B5E-4BB7-8B9B-C6ECF190366A} = {827E0CD3-B72D-47B6-A68D-7590B98EB39B}
		{33ECC745-C900-49A7-9C21-B50C5D1B4590} = {827E0CD3-B72D-47B6-A68D-7590B98EB39B}
		{3B27AEA1-7A2D-46AA-9BAE-7E3DAF11ACED} = {827E0CD3-B72D-47B6-A68D-7590B98EB39B}
		{CE69A4DC-21CC-4704-AD22-B774224EE280} = {0AB3BF05-4346-4AA6-1389-037BE0695223}
		{5C895B48-9F56-4E35-987C-478625883682} = {827E0CD3-B72D-47B6-A68D-7590B98EB39B}
		{D69B0080-12C6-4B30-8468-5A4ABE3B3222} = {827E0CD3-B72D-47B6-A68D-7590B98EB39B}
		{3D4CEC73-A506-4321-AD5F-C82A98D090FA} = {827E0CD3-B72D-47B6-A68D-7590B98EB39B}
		{840DA7F7-4AAC-4082-BA04-7D018FEB093D} = {827E0CD3-B72D-47B6-A68D-7590B98EB39B}
		{1770C14D-1B02-4342-A0F6-D4B8D0F46AB4} = {827E0CD3-B72D-47B6-A68D-7590B98EB39B}
		{18305234-BBEB-48E1-814B-C4B696EE8D9A} = {0AB3BF05-4346-4AA6-1389-037BE0695223}
	EndGlobalSection
EndGlobal
